// !$*UTF8*$!
{
	archiveVersion = 1;
	classes = {
	};
	objectVersion = 77;
	objects = {

/* Begin PBXBuildFile section */
		D892A0482E5D7789001A51CD /* Kingfisher in Frameworks */ = {isa = PBXBuildFile; productRef = D892A0472E5D7789001A51CD /* Kingfisher */; };
		D892A04B2E5D77AB001A51CD /* Swinject in Frameworks */ = {isa = PBXBuildFile; productRef = D892A04A2E5D77AB001A51CD /* Swinject */; };
		D892A04E2E5D77BB001A51CD /* Then in Frameworks */ = {isa = PBXBuildFile; productRef = D892A04D2E5D77BB001A51CD /* Then */; };
		D892A0512E5D77CF001A51CD /* SnapKit in Frameworks */ = {isa = PBXBuildFile; productRef = D892A0502E5D77CF001A51CD /* SnapKit */; };
		D892A0542E5D7846001A51CD /* Moya in Frameworks */ = {isa = PBXBuildFile; productRef = D892A0532E5D7846001A51CD /* Moya */; };
		D892A0572E5D7884001A51CD /* Lottie in Frameworks */ = {isa = PBXBuildFile; productRef = D892A0562E5D7884001A51CD /* Lottie */; };
		D8F345652E5F4EF80025CE5B /* RealmSwift in Frameworks */ = {isa = PBXBuildFile; productRef = D8F345642E5F4EF80025CE5B /* RealmSwift */; };
/* End PBXBuildFile section */

/* Begin PBXFileReference section */
		D8929F542E5D70F4001A51CD /* Remember_TestProject.app */ = {isa = PBXFileReference; explicitFileType = wrapper.application; includeInIndex = 0; path = Remember_TestProject.app; sourceTree = BUILT_PRODUCTS_DIR; };
/* End PBXFileReference section */

/* Begin PBXFileSystemSynchronizedBuildFileExceptionSet section */
		D8929F662E5D70F7001A51CD /* Exceptions for "Remember_TestProject" folder in "Remember_TestProject" target */ = {
			isa = PBXFileSystemSynchronizedBuildFileExceptionSet;
			membershipExceptions = (
				Info.plist,
			);
			target = D8929F532E5D70F4001A51CD /* Remember_TestProject */;
		};
/* End PBXFileSystemSynchronizedBuildFileExceptionSet section */

/* Begin PBXFileSystemSynchronizedRootGroup section */
		D8929F562E5D70F4001A51CD /* Remember_TestProject */ = {
			isa = PBXFileSystemSynchronizedRootGroup;
			exceptions = (
				D8929F662E5D70F7001A51CD /* Exceptions for "Remember_TestProject" folder in "Remember_TestProject" target */,
			);
			path = Remember_TestProject;
			sourceTree = "<group>";
		};
/* End PBXFileSystemSynchronizedRootGroup section */

/* Begin PBXFrameworksBuildPhase section */
		D8929F512E5D70F4001A51CD /* Frameworks */ = {
			isa = PBXFrameworksBuildPhase;
			buildActionMask = 2147483647;
			files = (
				D892A0482E5D7789001A51CD /* Kingfisher in Frameworks */,
				D892A0512E5D77CF001A51CD /* SnapKit in Frameworks */,
				D8F345652E5F4EF80025CE5B /* RealmSwift in Frameworks */,
				D892A04E2E5D77BB001A51CD /* Then in Frameworks */,
				D892A0542E5D7846001A51CD /* Moya in Frameworks */,
				D892A04B2E5D77AB001A51CD /* Swinject in Frameworks */,
				D892A0572E5D7884001A51CD /* Lottie in Frameworks */,
			);
			runOnlyForDeploymentPostprocessing = 0;
		};
/* End PBXFrameworksBuildPhase section */

/* Begin PBXGroup section */
		D8929F4B2E5D70F4001A51CD = {
			isa = PBXGroup;
			children = (
				D8929F562E5D70F4001A51CD /* Remember_TestProject */,
				D8929F552E5D70F4001A51CD /* Products */,
			);
			sourceTree = "<group>";
		};
		D8929F552E5D70F4001A51CD /* Products */ = {
			isa = PBXGroup;
			children = (
				D8929F542E5D70F4001A51CD /* Remember_TestProject.app */,
			);
			name = Products;
			sourceTree = "<group>";
		};
/* End PBXGroup section */

/* Begin PBXNativeTarget section */
		D8929F532E5D70F4001A51CD /* Remember_TestProject */ = {
			isa = PBXNativeTarget;
			buildConfigurationList = D8929F672E5D70F7001A51CD /* Build configuration list for PBXNativeTarget "Remember_TestProject" */;
			buildPhases = (
				D8929F502E5D70F4001A51CD /* Sources */,
				D8929F512E5D70F4001A51CD /* Frameworks */,
				D8929F522E5D70F4001A51CD /* Resources */,
			);
			buildRules = (
			);
			dependencies = (
			);
			fileSystemSynchronizedGroups = (
				D8929F562E5D70F4001A51CD /* Remember_TestProject */,
			);
			name = Remember_TestProject;
			packageProductDependencies = (
				D892A0472E5D7789001A51CD /* Kingfisher */,
				D892A04A2E5D77AB001A51CD /* Swinject */,
				D892A04D2E5D77BB001A51CD /* Then */,
				D892A0502E5D77CF001A51CD /* SnapKit */,
				D892A0532E5D7846001A51CD /* Moya */,
				D892A0562E5D7884001A51CD /* Lottie */,
				D8F345642E5F4EF80025CE5B /* RealmSwift */,
			);
			productName = Remember_TestProject;
			productReference = D8929F542E5D70F4001A51CD /* Remember_TestProject.app */;
			productType = "com.apple.product-type.application";
		};
/* End PBXNativeTarget section */

/* Begin PBXProject section */
		D8929F4C2E5D70F4001A51CD /* Project object */ = {
			isa = PBXProject;
			attributes = {
				BuildIndependentTargetsInParallel = 1;
				LastSwiftUpdateCheck = 1620;
				LastUpgradeCheck = 1620;
				TargetAttributes = {
					D8929F532E5D70F4001A51CD = {
						CreatedOnToolsVersion = 16.2;
					};
				};
			};
			buildConfigurationList = D8929F4F2E5D70F4001A51CD /* Build configuration list for PBXProject "Remember_TestProject" */;
			developmentRegion = en;
			hasScannedForEncodings = 0;
			knownRegions = (
				en,
				Base,
			);
			mainGroup = D8929F4B2E5D70F4001A51CD;
			minimizedProjectReferenceProxies = 1;
			packageReferences = (
				D892A0462E5D7789001A51CD /* XCRemoteSwiftPackageReference "Kingfisher" */,
				D892A0492E5D77AB001A51CD /* XCRemoteSwiftPackageReference "Swinject" */,
				D892A04C2E5D77BB001A51CD /* XCRemoteSwiftPackageReference "Then" */,
				D892A04F2E5D77CF001A51CD /* XCRemoteSwiftPackageReference "SnapKit" */,
				D892A0522E5D7846001A51CD /* XCRemoteSwiftPackageReference "Moya" */,
				D892A0552E5D7884001A51CD /* XCRemoteSwiftPackageReference "lottie-ios" */,
				D8F345632E5F4EF80025CE5B /* XCRemoteSwiftPackageReference "realm-cocoa" */,
			);
			preferredProjectObjectVersion = 77;
			productRefGroup = D8929F552E5D70F4001A51CD /* Products */;
			projectDirPath = "";
			projectRoot = "";
			targets = (
				D8929F532E5D70F4001A51CD /* Remember_TestProject */,
			);
		};
/* End PBXProject section */

/* Begin PBXResourcesBuildPhase section */
		D8929F522E5D70F4001A51CD /* Resources */ = {
			isa = PBXResourcesBuildPhase;
			buildActionMask = 2147483647;
			files = (
			);
			runOnlyForDeploymentPostprocessing = 0;
		};
/* End PBXResourcesBuildPhase section */

/* Begin PBXSourcesBuildPhase section */
		D8929F502E5D70F4001A51CD /* Sources */ = {
			isa = PBXSourcesBuildPhase;
			buildActionMask = 2147483647;
			files = (
			);
			runOnlyForDeploymentPostprocessing = 0;
		};
/* End PBXSourcesBuildPhase section */

/* Begin XCBuildConfiguration section */
		D8929F682E5D70F7001A51CD /* Debug */ = {
			isa = XCBuildConfiguration;
			buildSettings = {
				ASSETCATALOG_COMPILER_APPICON_NAME = AppIcon;
				ASSETCATALOG_COMPILER_GLOBAL_ACCENT_COLOR_NAME = AccentColor;
				CODE_SIGN_STYLE = Automatic;
				CURRENT_PROJECT_VERSION = 1;
				DEVELOPMENT_TEAM = Z62NB3F274;
				GENERATE_INFOPLIST_FILE = YES;
				INFOPLIST_FILE = Remember_TestProject/Info.plist;
				INFOPLIST_KEY_UIApplicationSupportsIndirectInputEvents = YES;
				INFOPLIST_KEY_UILaunchStoryboardName = LaunchScreen;
				INFOPLIST_KEY_UISupportedInterfaceOrientations_iPad = "UIInterfaceOrientationPortrait UIInterfaceOrientationPortraitUpsideDown UIInterfaceOrientationLandscapeLeft UIInterfaceOrientationLandscapeRight";
				INFOPLIST_KEY_UISupportedInterfaceOrientations_iPhone = "UIInterfaceOrientationPortrait UIInterfaceOrientationLandscapeLeft UIInterfaceOrientationLandscapeRight";
				LD_RUNPATH_SEARCH_PATHS = (
					"$(inherited)",
					"@executable_path/Frameworks",
				);
				MARKETING_VERSION = 1.0;
				PRODUCT_BUNDLE_IDENTIFIER = "com.jun12.Remember-TestProject";
				PRODUCT_NAME = "$(TARGET_NAME)";
				SWIFT_EMIT_LOC_STRINGS = YES;
				SWIFT_VERSION = 5.0;
				TARGETED_DEVICE_FAMILY = "1,2";
			};
			name = Debug;
		};
		D8929F692E5D70F7001A51CD /* Release */ = {
			isa = XCBuildConfiguration;
			buildSettings = {
				ASSETCATALOG_COMPILER_APPICON_NAME = AppIcon;
				ASSETCATALOG_COMPILER_GLOBAL_ACCENT_COLOR_NAME = AccentColor;
				CODE_SIGN_STYLE = Automatic;
				CURRENT_PROJECT_VERSION = 1;
				DEVELOPMENT_TEAM = Z62NB3F274;
				GENERATE_INFOPLIST_FILE = YES;
				INFOPLIST_FILE = Remember_TestProject/Info.plist;
				INFOPLIST_KEY_UIApplicationSupportsIndirectInputEvents = YES;
				INFOPLIST_KEY_UILaunchStoryboardName = LaunchScreen;
				INFOPLIST_KEY_UISupportedInterfaceOrientations_iPad = "UIInterfaceOrientationPortrait UIInterfaceOrientationPortraitUpsideDown UIInterfaceOrientationLandscapeLeft UIInterfaceOrientationLandscapeRight";
				INFOPLIST_KEY_UISupportedInterfaceOrientations_iPhone = "UIInterfaceOrientationPortrait UIInterfaceOrientationLandscapeLeft UIInterfaceOrientationLandscapeRight";
				LD_RUNPATH_SEARCH_PATHS = (
					"$(inherited)",
					"@executable_path/Frameworks",
				);
				MARKETING_VERSION = 1.0;
				PRODUCT_BUNDLE_IDENTIFIER = "com.jun12.Remember-TestProject";
				PRODUCT_NAME = "$(TARGET_NAME)";
				SWIFT_EMIT_LOC_STRINGS = YES;
				SWIFT_VERSION = 5.0;
				TARGETED_DEVICE_FAMILY = "1,2";
			};
			name = Release;
		};
		D8929F6A2E5D70F7001A51CD /* Debug */ = {
			isa = XCBuildConfiguration;
			buildSettings = {
				ALWAYS_SEARCH_USER_PATHS = NO;
				ASSETCATALOG_COMPILER_GENERATE_SWIFT_ASSET_SYMBOL_EXTENSIONS = YES;
				CLANG_ANALYZER_NONNULL = YES;
				CLANG_ANALYZER_NUMBER_OBJECT_CONVERSION = YES_AGGRESSIVE;
				CLANG_CXX_LANGUAGE_STANDARD = "gnu++20";
				CLANG_ENABLE_MODULES = YES;
				CLANG_ENABLE_OBJC_ARC = YES;
				CLANG_ENABLE_OBJC_WEAK = YES;
				CLANG_WARN_BLOCK_CAPTURE_AUTORELEASING = YES;
				CLANG_WARN_BOOL_CONVERSION = YES;
				CLANG_WARN_COMMA = YES;
				CLANG_WARN_CONSTANT_CONVERSION = YES;
				CLANG_WARN_DEPRECATED_OBJC_IMPLEMENTATIONS = YES;
				CLANG_WARN_DIRECT_OBJC_ISA_USAGE = YES_ERROR;
				CLANG_WARN_DOCUMENTATION_COMMENTS = YES;
				CLANG_WARN_EMPTY_BODY = YES;
				CLANG_WARN_ENUM_CONVERSION = YES;
				CLANG_WARN_INFINITE_RECURSION = YES;
				CLANG_WARN_INT_CONVERSION = YES;
				CLANG_WARN_NON_LITERAL_NULL_CONVERSION = YES;
				CLANG_WARN_OBJC_IMPLICIT_RETAIN_SELF = YES;
				CLANG_WARN_OBJC_LITERAL_CONVERSION = YES;
				CLANG_WARN_OBJC_ROOT_CLASS = YES_ERROR;
				CLANG_WARN_QUOTED_INCLUDE_IN_FRAMEWORK_HEADER = YES;
				CLANG_WARN_RANGE_LOOP_ANALYSIS = YES;
				CLANG_WARN_STRICT_PROTOTYPES = YES;
				CLANG_WARN_SUSPICIOUS_MOVE = YES;
				CLANG_WARN_UNGUARDED_AVAILABILITY = YES_AGGRESSIVE;
				CLANG_WARN_UNREACHABLE_CODE = YES;
				CLANG_WARN__DUPLICATE_METHOD_MATCH = YES;
				COPY_PHASE_STRIP = NO;
				DEBUG_INFORMATION_FORMAT = dwarf;
				ENABLE_STRICT_OBJC_MSGSEND = YES;
				ENABLE_TESTABILITY = YES;
				ENABLE_USER_SCRIPT_SANDBOXING = YES;
				GCC_C_LANGUAGE_STANDARD = gnu17;
				GCC_DYNAMIC_NO_PIC = NO;
				GCC_NO_COMMON_BLOCKS = YES;
				GCC_OPTIMIZATION_LEVEL = 0;
				GCC_PREPROCESSOR_DEFINITIONS = (
					"DEBUG=1",
					"$(inherited)",
				);
				GCC_WARN_64_TO_32_BIT_CONVERSION = YES;
				GCC_WARN_ABOUT_RETURN_TYPE = YES_ERROR;
				GCC_WARN_UNDECLARED_SELECTOR = YES;
				GCC_WARN_UNINITIALIZED_AUTOS = YES_AGGRESSIVE;
				GCC_WARN_UNUSED_FUNCTION = YES;
				GCC_WARN_UNUSED_VARIABLE = YES;
				IPHONEOS_DEPLOYMENT_TARGET = 18.2;
				LOCALIZATION_PREFERS_STRING_CATALOGS = YES;
				MTL_ENABLE_DEBUG_INFO = INCLUDE_SOURCE;
				MTL_FAST_MATH = YES;
				ONLY_ACTIVE_ARCH = YES;
				SDKROOT = iphoneos;
				SWIFT_ACTIVE_COMPILATION_CONDITIONS = "DEBUG $(inherited)";
				SWIFT_OPTIMIZATION_LEVEL = "-Onone";
			};
			name = Debug;
		};
		D8929F6B2E5D70F7001A51CD /* Release */ = {
			isa = XCBuildConfiguration;
			buildSettings = {
				ALWAYS_SEARCH_USER_PATHS = NO;
				ASSETCATALOG_COMPILER_GENERATE_SWIFT_ASSET_SYMBOL_EXTENSIONS = YES;
				CLANG_ANALYZER_NONNULL = YES;
				CLANG_ANALYZER_NUMBER_OBJECT_CONVERSION = YES_AGGRESSIVE;
				CLANG_CXX_LANGUAGE_STANDARD = "gnu++20";
				CLANG_ENABLE_MODULES = YES;
				CLANG_ENABLE_OBJC_ARC = YES;
				CLANG_ENABLE_OBJC_WEAK = YES;
				CLANG_WARN_BLOCK_CAPTURE_AUTORELEASING = YES;
				CLANG_WARN_BOOL_CONVERSION = YES;
				CLANG_WARN_COMMA = YES;
				CLANG_WARN_CONSTANT_CONVERSION = YES;
				CLANG_WARN_DEPRECATED_OBJC_IMPLEMENTATIONS = YES;
				CLANG_WARN_DIRECT_OBJC_ISA_USAGE = YES_ERROR;
				CLANG_WARN_DOCUMENTATION_COMMENTS = YES;
				CLANG_WARN_EMPTY_BODY = YES;
				CLANG_WARN_ENUM_CONVERSION = YES;
				CLANG_WARN_INFINITE_RECURSION = YES;
				CLANG_WARN_INT_CONVERSION = YES;
				CLANG_WARN_NON_LITERAL_NULL_CONVERSION = YES;
				CLANG_WARN_OBJC_IMPLICIT_RETAIN_SELF = YES;
				CLANG_WARN_OBJC_LITERAL_CONVERSION = YES;
				CLANG_WARN_OBJC_ROOT_CLASS = YES_ERROR;
				CLANG_WARN_QUOTED_INCLUDE_IN_FRAMEWORK_HEADER = YES;
				CLANG_WARN_RANGE_LOOP_ANALYSIS = YES;
				CLANG_WARN_STRICT_PROTOTYPES = YES;
				CLANG_WARN_SUSPICIOUS_MOVE = YES;
				CLANG_WARN_UNGUARDED_AVAILABILITY = YES_AGGRESSIVE;
				CLANG_WARN_UNREACHABLE_CODE = YES;
				CLANG_WARN__DUPLICATE_METHOD_MATCH = YES;
				COPY_PHASE_STRIP = NO;
				DEBUG_INFORMATION_FORMAT = "dwarf-with-dsym";
				ENABLE_NS_ASSERTIONS = NO;
				ENABLE_STRICT_OBJC_MSGSEND = YES;
				ENABLE_USER_SCRIPT_SANDBOXING = YES;
				GCC_C_LANGUAGE_STANDARD = gnu17;
				GCC_NO_COMMON_BLOCKS = YES;
				GCC_WARN_64_TO_32_BIT_CONVERSION = YES;
				GCC_WARN_ABOUT_RETURN_TYPE = YES_ERROR;
				GCC_WARN_UNDECLARED_SELECTOR = YES;
				GCC_WARN_UNINITIALIZED_AUTOS = YES_AGGRESSIVE;
				GCC_WARN_UNUSED_FUNCTION = YES;
				GCC_WARN_UNUSED_VARIABLE = YES;
				IPHONEOS_DEPLOYMENT_TARGET = 18.2;
				LOCALIZATION_PREFERS_STRING_CATALOGS = YES;
				MTL_ENABLE_DEBUG_INFO = NO;
				MTL_FAST_MATH = YES;
				SDKROOT = iphoneos;
				SWIFT_COMPILATION_MODE = wholemodule;
				VALIDATE_PRODUCT = YES;
			};
			name = Release;
		};
/* End XCBuildConfiguration section */

/* Begin XCConfigurationList section */
		D8929F4F2E5D70F4001A51CD /* Build configuration list for PBXProject "Remember_TestProject" */ = {
			isa = XCConfigurationList;
			buildConfigurations = (
				D8929F6A2E5D70F7001A51CD /* Debug */,
				D8929F6B2E5D70F7001A51CD /* Release */,
			);
			defaultConfigurationIsVisible = 0;
			defaultConfigurationName = Release;
		};
		D8929F672E5D70F7001A51CD /* Build configuration list for PBXNativeTarget "Remember_TestProject" */ = {
			isa = XCConfigurationList;
			buildConfigurations = (
				D8929F682E5D70F7001A51CD /* Debug */,
				D8929F692E5D70F7001A51CD /* Release */,
			);
			defaultConfigurationIsVisible = 0;
			defaultConfigurationName = Release;
		};
/* End XCConfigurationList section */

/* Begin XCRemoteSwiftPackageReference section */
		D892A0462E5D7789001A51CD /* XCRemoteSwiftPackageReference "Kingfisher" */ = {
			isa = XCRemoteSwiftPackageReference;
			repositoryURL = "https://github.com/onevcat/Kingfisher.git";
			requirement = {
				kind = upToNextMajorVersion;
				minimumVersion = 8.5.0;
			};
		};
		D892A0492E5D77AB001A51CD /* XCRemoteSwiftPackageReference "Swinject" */ = {
			isa = XCRemoteSwiftPackageReference;
			repositoryURL = "https://github.com/Swinject/Swinject.git";
			requirement = {
				kind = upToNextMajorVersion;
				minimumVersion = 2.9.1;
			};
		};
		D892A04C2E5D77BB001A51CD /* XCRemoteSwiftPackageReference "Then" */ = {
			isa = XCRemoteSwiftPackageReference;
			repositoryURL = "https://github.com/devxoul/Then.git";
			requirement = {
				kind = upToNextMajorVersion;
				minimumVersion = 3.0.0;
			};
		};
		D892A04F2E5D77CF001A51CD /* XCRemoteSwiftPackageReference "SnapKit" */ = {
			isa = XCRemoteSwiftPackageReference;
			repositoryURL = "https://github.com/SnapKit/SnapKit.git";
			requirement = {
				kind = upToNextMajorVersion;
				minimumVersion = 5.7.1;
			};
		};
		D892A0522E5D7846001A51CD /* XCRemoteSwiftPackageReference "Moya" */ = {
			isa = XCRemoteSwiftPackageReference;
			repositoryURL = "https://github.com/Moya/Moya.git";
			requirement = {
				kind = upToNextMajorVersion;
				minimumVersion = 15.0.3;
			};
		};
		D892A0552E5D7884001A51CD /* XCRemoteSwiftPackageReference "lottie-ios" */ = {
			isa = XCRemoteSwiftPackageReference;
			repositoryURL = "https://github.com/airbnb/lottie-ios.git";
			requirement = {
				kind = upToNextMajorVersion;
				minimumVersion = 4.5.2;
			};
		};
		D8F345632E5F4EF80025CE5B /* XCRemoteSwiftPackageReference "realm-cocoa" */ = {
			isa = XCRemoteSwiftPackageReference;
			repositoryURL = "https://github.com/realm/realm-cocoa";
			requirement = {
				kind = upToNextMajorVersion;
				minimumVersion = 10.40.0;
			};
		};
/* End XCRemoteSwiftPackageReference section */

/* Begin XCSwiftPackageProductDependency section */
		D892A0472E5D7789001A51CD /* Kingfisher */ = {
			isa = XCSwiftPackageProductDependency;
			package = D892A0462E5D7789001A51CD /* XCRemoteSwiftPackageReference "Kingfisher" */;
			productName = Kingfisher;
		};
		D892A04A2E5D77AB001A51CD /* Swinject */ = {
			isa = XCSwiftPackageProductDependency;
			package = D892A0492E5D77AB001A51CD /* XCRemoteSwiftPackageReference "Swinject" */;
			productName = Swinject;
		};
		D892A04D2E5D77BB001A51CD /* Then */ = {
			isa = XCSwiftPackageProductDependency;
			package = D892A04C2E5D77BB001A51CD /* XCRemoteSwiftPackageReference "Then" */;
			productName = Then;
		};
		D892A0502E5D77CF001A51CD /* SnapKit */ = {
			isa = XCSwiftPackageProductDependency;
			package = D892A04F2E5D77CF001A51CD /* XCRemoteSwiftPackageReference "SnapKit" */;
			productName = SnapKit;
		};
		D892A0532E5D7846001A51CD /* Moya */ = {
			isa = XCSwiftPackageProductDependency;
			package = D892A0522E5D7846001A51CD /* XCRemoteSwiftPackageReference "Moya" */;
			productName = Moya;
		};
		D892A0562E5D7884001A51CD /* Lottie */ = {
			isa = XCSwiftPackageProductDependency;
			package = D892A0552E5D7884001A51CD /* XCRemoteSwiftPackageReference "lottie-ios" */;
			productName = Lottie;
		};
		D8F345642E5F4EF80025CE5B /* RealmSwift */ = {
			isa = XCSwiftPackageProductDependency;
			package = D8F345632E5F4EF80025CE5B /* XCRemoteSwiftPackageReference "realm-cocoa" */;
			productName = RealmSwift;
		};
/* End XCSwiftPackageProductDependency section */
	};
	rootObject = D8929F4C2E5D70F4001A51CD /* Project object */;
}
